
Microsoft Visual Studio Solution File, Format Version 12.00
# Visual Studio 15
VisualStudioVersion = 15.0.26124.0
MinimumVisualStudioVersion = 15.0.26124.0
Project("{F2A71F9B-5D33-465A-A702-920D77279786}") = "Continuum.Magic.ImpureLog", "Continuum.Magic.ImpureLog\Continuum.Magic.ImpureLog.fsproj", "{A8138453-62A1-4286-B158-6DB081282C37}"
EndProject
Project("{F2A71F9B-5D33-465A-A702-920D77279786}") = "Continuum.Tests.ImpureLog", "Continuum.Tests.ImpureLog\Continuum.Tests.ImpureLog.fsproj", "{4BFFBCD9-9223-4BC5-A36D-A9538DA680CD}"
EndProject
Global
	GlobalSection(SolutionConfigurationPlatforms) = preSolution
		Debug|Any CPU = Debug|Any CPU
		Debug|x64 = Debug|x64
		Debug|x86 = Debug|x86
		Release|Any CPU = Release|Any CPU
		Release|x64 = Release|x64
		Release|x86 = Release|x86
	EndGlobalSection
	GlobalSection(SolutionProperties) = preSolution
		HideSolutionNode = FALSE
	EndGlobalSection
	GlobalSection(ProjectConfigurationPlatforms) = postSolution
		{A8138453-62A1-4286-B158-6DB081282C37}.Debug|Any CPU.ActiveCfg = Debug|Any CPU
		{A8138453-62A1-4286-B158-6DB081282C37}.Debug|Any CPU.Build.0 = Debug|Any CPU
		{A8138453-62A1-4286-B158-6DB081282C37}.Debug|x64.ActiveCfg = Debug|Any CPU
		{A8138453-62A1-4286-B158-6DB081282C37}.Debug|x64.Build.0 = Debug|Any CPU
		{A8138453-62A1-4286-B158-6DB081282C37}.Debug|x86.ActiveCfg = Debug|Any CPU
		{A8138453-62A1-4286-B158-6DB081282C37}.Debug|x86.Build.0 = Debug|Any CPU
		{A8138453-62A1-4286-B158-6DB081282C37}.Release|Any CPU.ActiveCfg = Release|Any CPU
		{A8138453-62A1-4286-B158-6DB081282C37}.Release|Any CPU.Build.0 = Release|Any CPU
		{A8138453-62A1-4286-B158-6DB081282C37}.Release|x64.ActiveCfg = Release|Any CPU
		{A8138453-62A1-4286-B158-6DB081282C37}.Release|x64.Build.0 = Release|Any CPU
		{A8138453-62A1-4286-B158-6DB081282C37}.Release|x86.ActiveCfg = Release|Any CPU
		{A8138453-62A1-4286-B158-6DB081282C37}.Release|x86.Build.0 = Release|Any CPU
		{4BFFBCD9-9223-4BC5-A36D-A9538DA680CD}.Debug|Any CPU.ActiveCfg = Debug|Any CPU
		{4BFFBCD9-9223-4BC5-A36D-A9538DA680CD}.Debug|Any CPU.Build.0 = Debug|Any CPU
		{4BFFBCD9-9223-4BC5-A36D-A9538DA680CD}.Debug|x64.ActiveCfg = Debug|Any CPU
		{4BFFBCD9-9223-4BC5-A36D-A9538DA680CD}.Debug|x64.Build.0 = Debug|Any CPU
		{4BFFBCD9-9223-4BC5-A36D-A9538DA680CD}.Debug|x86.ActiveCfg = Debug|Any CPU
		{4BFFBCD9-9223-4BC5-A36D-A9538DA680CD}.Debug|x86.Build.0 = Debug|Any CPU
		{4BFFBCD9-9223-4BC5-A36D-A9538DA680CD}.Release|Any CPU.ActiveCfg = Release|Any CPU
		{4BFFBCD9-9223-4BC5-A36D-A9538DA680CD}.Release|Any CPU.Build.0 = Release|Any CPU
		{4BFFBCD9-9223-4BC5-A36D-A9538DA680CD}.Release|x64.ActiveCfg = Release|Any CPU
		{4BFFBCD9-9223-4BC5-A36D-A9538DA680CD}.Release|x64.Build.0 = Release|Any CPU
		{4BFFBCD9-9223-4BC5-A36D-A9538DA680CD}.Release|x86.ActiveCfg = Release|Any CPU
		{4BFFBCD9-9223-4BC5-A36D-A9538DA680CD}.Release|x86.Build.0 = Release|Any CPU
	EndGlobalSection
EndGlobal
